
Microsoft Visual Studio Solution File, Format Version 12.00
# Visual Studio 15
VisualStudioVersion = 15.0.26124.0
MinimumVisualStudioVersion = 15.0.26124.0
Project("{F2A71F9B-5D33-465A-A702-920D77279786}") = "process", "process\process.fsproj", "{C8D48220-9231-450D-B612-2DD79810DC4F}"
EndProject
Project("{F2A71F9B-5D33-465A-A702-920D77279786}") = "process.tests", "process.tests\process.tests.fsproj", "{6AE9F524-C797-45B1-BCE4-30176468A067}"
EndProject
Project("{2150E333-8FDC-42A3-9474-1A3956D46DE8}") = "demos", "demos", "{DD4B274C-0369-4CF2-B317-CC43FCD2BE80}"
EndProject
Project("{F2A71F9B-5D33-465A-A702-920D77279786}") = "http", "demos\http\http.fsproj", "{D16F4D33-A29A-4D26-8DCF-10AF1F8D66B8}"
EndProject
Project("{F2A71F9B-5D33-465A-A702-920D77279786}") = "sleepy", "demos\sleepy\sleepy.fsproj", "{3AEE6B28-C675-4215-90AF-5ABA09F0564A}"
EndProject
Global
	GlobalSection(SolutionConfigurationPlatforms) = preSolution
		Debug|Any CPU = Debug|Any CPU
		Debug|x64 = Debug|x64
		Debug|x86 = Debug|x86
		Release|Any CPU = Release|Any CPU
		Release|x64 = Release|x64
		Release|x86 = Release|x86
	EndGlobalSection
	GlobalSection(SolutionProperties) = preSolution
		HideSolutionNode = FALSE
	EndGlobalSection
	GlobalSection(ProjectConfigurationPlatforms) = postSolution
		{C8D48220-9231-450D-B612-2DD79810DC4F}.Debug|Any CPU.ActiveCfg = Debug|Any CPU
		{C8D48220-9231-450D-B612-2DD79810DC4F}.Debug|Any CPU.Build.0 = Debug|Any CPU
		{C8D48220-9231-450D-B612-2DD79810DC4F}.Debug|x64.ActiveCfg = Debug|Any CPU
		{C8D48220-9231-450D-B612-2DD79810DC4F}.Debug|x64.Build.0 = Debug|Any CPU
		{C8D48220-9231-450D-B612-2DD79810DC4F}.Debug|x86.ActiveCfg = Debug|Any CPU
		{C8D48220-9231-450D-B612-2DD79810DC4F}.Debug|x86.Build.0 = Debug|Any CPU
		{C8D48220-9231-450D-B612-2DD79810DC4F}.Release|Any CPU.ActiveCfg = Release|Any CPU
		{C8D48220-9231-450D-B612-2DD79810DC4F}.Release|Any CPU.Build.0 = Release|Any CPU
		{C8D48220-9231-450D-B612-2DD79810DC4F}.Release|x64.ActiveCfg = Release|Any CPU
		{C8D48220-9231-450D-B612-2DD79810DC4F}.Release|x64.Build.0 = Release|Any CPU
		{C8D48220-9231-450D-B612-2DD79810DC4F}.Release|x86.ActiveCfg = Release|Any CPU
		{C8D48220-9231-450D-B612-2DD79810DC4F}.Release|x86.Build.0 = Release|Any CPU
		{6AE9F524-C797-45B1-BCE4-30176468A067}.Debug|Any CPU.ActiveCfg = Debug|Any CPU
		{6AE9F524-C797-45B1-BCE4-30176468A067}.Debug|Any CPU.Build.0 = Debug|Any CPU
		{6AE9F524-C797-45B1-BCE4-30176468A067}.Debug|x64.ActiveCfg = Debug|Any CPU
		{6AE9F524-C797-45B1-BCE4-30176468A067}.Debug|x64.Build.0 = Debug|Any CPU
		{6AE9F524-C797-45B1-BCE4-30176468A067}.Debug|x86.ActiveCfg = Debug|Any CPU
		{6AE9F524-C797-45B1-BCE4-30176468A067}.Debug|x86.Build.0 = Debug|Any CPU
		{6AE9F524-C797-45B1-BCE4-30176468A067}.Release|Any CPU.ActiveCfg = Release|Any CPU
		{6AE9F524-C797-45B1-BCE4-30176468A067}.Release|Any CPU.Build.0 = Release|Any CPU
		{6AE9F524-C797-45B1-BCE4-30176468A067}.Release|x64.ActiveCfg = Release|Any CPU
		{6AE9F524-C797-45B1-BCE4-30176468A067}.Release|x64.Build.0 = Release|Any CPU
		{6AE9F524-C797-45B1-BCE4-30176468A067}.Release|x86.ActiveCfg = Release|Any CPU
		{6AE9F524-C797-45B1-BCE4-30176468A067}.Release|x86.Build.0 = Release|Any CPU
		{D16F4D33-A29A-4D26-8DCF-10AF1F8D66B8}.Debug|Any CPU.ActiveCfg = Debug|Any CPU
		{D16F4D33-A29A-4D26-8DCF-10AF1F8D66B8}.Debug|Any CPU.Build.0 = Debug|Any CPU
		{D16F4D33-A29A-4D26-8DCF-10AF1F8D66B8}.Debug|x64.ActiveCfg = Debug|Any CPU
		{D16F4D33-A29A-4D26-8DCF-10AF1F8D66B8}.Debug|x64.Build.0 = Debug|Any CPU
		{D16F4D33-A29A-4D26-8DCF-10AF1F8D66B8}.Debug|x86.ActiveCfg = Debug|Any CPU
		{D16F4D33-A29A-4D26-8DCF-10AF1F8D66B8}.Debug|x86.Build.0 = Debug|Any CPU
		{D16F4D33-A29A-4D26-8DCF-10AF1F8D66B8}.Release|Any CPU.ActiveCfg = Release|Any CPU
		{D16F4D33-A29A-4D26-8DCF-10AF1F8D66B8}.Release|Any CPU.Build.0 = Release|Any CPU
		{D16F4D33-A29A-4D26-8DCF-10AF1F8D66B8}.Release|x64.ActiveCfg = Release|Any CPU
		{D16F4D33-A29A-4D26-8DCF-10AF1F8D66B8}.Release|x64.Build.0 = Release|Any CPU
		{D16F4D33-A29A-4D26-8DCF-10AF1F8D66B8}.Release|x86.ActiveCfg = Release|Any CPU
		{D16F4D33-A29A-4D26-8DCF-10AF1F8D66B8}.Release|x86.Build.0 = Release|Any CPU
		{3AEE6B28-C675-4215-90AF-5ABA09F0564A}.Debug|Any CPU.ActiveCfg = Debug|Any CPU
		{3AEE6B28-C675-4215-90AF-5ABA09F0564A}.Debug|Any CPU.Build.0 = Debug|Any CPU
		{3AEE6B28-C675-4215-90AF-5ABA09F0564A}.Debug|x64.ActiveCfg = Debug|Any CPU
		{3AEE6B28-C675-4215-90AF-5ABA09F0564A}.Debug|x64.Build.0 = Debug|Any CPU
		{3AEE6B28-C675-4215-90AF-5ABA09F0564A}.Debug|x86.ActiveCfg = Debug|Any CPU
		{3AEE6B28-C675-4215-90AF-5ABA09F0564A}.Debug|x86.Build.0 = Debug|Any CPU
		{3AEE6B28-C675-4215-90AF-5ABA09F0564A}.Release|Any CPU.ActiveCfg = Release|Any CPU
		{3AEE6B28-C675-4215-90AF-5ABA09F0564A}.Release|Any CPU.Build.0 = Release|Any CPU
		{3AEE6B28-C675-4215-90AF-5ABA09F0564A}.Release|x64.ActiveCfg = Release|Any CPU
		{3AEE6B28-C675-4215-90AF-5ABA09F0564A}.Release|x64.Build.0 = Release|Any CPU
		{3AEE6B28-C675-4215-90AF-5ABA09F0564A}.Release|x86.ActiveCfg = Release|Any CPU
		{3AEE6B28-C675-4215-90AF-5ABA09F0564A}.Release|x86.Build.0 = Release|Any CPU
	EndGlobalSection
	GlobalSection(NestedProjects) = preSolution
		{D16F4D33-A29A-4D26-8DCF-10AF1F8D66B8} = {DD4B274C-0369-4CF2-B317-CC43FCD2BE80}
		{3AEE6B28-C675-4215-90AF-5ABA09F0564A} = {DD4B274C-0369-4CF2-B317-CC43FCD2BE80}
	EndGlobalSection
EndGlobal
